// !$*UTF8*$!
{
	archiveVersion = 1;
	classes = {
	};
	objectVersion = 50;
	objects = {

/* Begin PBXBuildFile section */
		7A2DA17325726BEB002425C2 /* CategoryViewController.swift in Sources */ = {isa = PBXBuildFile; fileRef = 7A2DA17225726BEB002425C2 /* CategoryViewController.swift */; };
		7AAC1730257259F200A756AE /* AppDelegate.swift in Sources */ = {isa = PBXBuildFile; fileRef = 7AAC172F257259F200A756AE /* AppDelegate.swift */; };
		7AAC1732257259F200A756AE /* SceneDelegate.swift in Sources */ = {isa = PBXBuildFile; fileRef = 7AAC1731257259F200A756AE /* SceneDelegate.swift */; };
		7AAC1734257259F200A756AE /* ToDoViewController.swift in Sources */ = {isa = PBXBuildFile; fileRef = 7AAC1733257259F200A756AE /* ToDoViewController.swift */; };
		7AAC1737257259F200A756AE /* Main.storyboard in Resources */ = {isa = PBXBuildFile; fileRef = 7AAC1735257259F200A756AE /* Main.storyboard */; };
		7AAC173A257259F200A756AE /* TodoApp.xcdatamodeld in Sources */ = {isa = PBXBuildFile; fileRef = 7AAC1738257259F200A756AE /* TodoApp.xcdatamodeld */; };
		7AAC173C257259F400A756AE /* Assets.xcassets in Resources */ = {isa = PBXBuildFile; fileRef = 7AAC173B257259F400A756AE /* Assets.xcassets */; };
		7AAC173F257259F400A756AE /* LaunchScreen.storyboard in Resources */ = {isa = PBXBuildFile; fileRef = 7AAC173D257259F400A756AE /* LaunchScreen.storyboard */; };
/* End PBXBuildFile section */

/* Begin PBXFileReference section */
		7A2DA17225726BEB002425C2 /* CategoryViewController.swift */ = {isa = PBXFileReference; lastKnownFileType = sourcecode.swift; path = CategoryViewController.swift; sourceTree = "<group>"; };
		7AAC172C257259F200A756AE /* TodoApp.app */ = {isa = PBXFileReference; explicitFileType = wrapper.application; includeInIndex = 0; path = TodoApp.app; sourceTree = BUILT_PRODUCTS_DIR; };
		7AAC172F257259F200A756AE /* AppDelegate.swift */ = {isa = PBXFileReference; lastKnownFileType = sourcecode.swift; path = AppDelegate.swift; sourceTree = "<group>"; };
		7AAC1731257259F200A756AE /* SceneDelegate.swift */ = {isa = PBXFileReference; lastKnownFileType = sourcecode.swift; path = SceneDelegate.swift; sourceTree = "<group>"; };
		7AAC1733257259F200A756AE /* ToDoViewController.swift */ = {isa = PBXFileReference; lastKnownFileType = sourcecode.swift; path = ToDoViewController.swift; sourceTree = "<group>"; };
		7AAC1736257259F200A756AE /* Base */ = {isa = PBXFileReference; lastKnownFileType = file.storyboard; name = Base; path = Base.lproj/Main.storyboard; sourceTree = "<group>"; };
		7AAC1739257259F200A756AE /* TodoApp.xcdatamodel */ = {isa = PBXFileReference; lastKnownFileType = wrapper.xcdatamodel; path = TodoApp.xcdatamodel; sourceTree = "<group>"; };
		7AAC173B257259F400A756AE /* Assets.xcassets */ = {isa = PBXFileReference; lastKnownFileType = folder.assetcatalog; path = Assets.xcassets; sourceTree = "<group>"; };
		7AAC173E257259F400A756AE /* Base */ = {isa = PBXFileReference; lastKnownFileType = file.storyboard; name = Base; path = Base.lproj/LaunchScreen.storyboard; sourceTree = "<group>"; };
		7AAC1740257259F400A756AE /* Info.plist */ = {isa = PBXFileReference; lastKnownFileType = text.plist.xml; path = Info.plist; sourceTree = "<group>"; };
/* End PBXFileReference section */

/* Begin PBXFrameworksBuildPhase section */
		7AAC1729257259F200A756AE /* Frameworks */ = {
			isa = PBXFrameworksBuildPhase;
			buildActionMask = 2147483647;
			files = (
			);
			runOnlyForDeploymentPostprocessing = 0;
		};
/* End PBXFrameworksBuildPhase section */

/* Begin PBXGroup section */
		7AAC1723257259F200A756AE = {
			isa = PBXGroup;
			children = (
				7AAC172E257259F200A756AE /* TodoApp */,
				7AAC172D257259F200A756AE /* Products */,
			);
			sourceTree = "<group>";
		};
		7AAC172D257259F200A756AE /* Products */ = {
			isa = PBXGroup;
			children = (
				7AAC172C257259F200A756AE /* TodoApp.app */,
			);
			name = Products;
			sourceTree = "<group>";
		};
		7AAC172E257259F200A756AE /* TodoApp */ = {
			isa = PBXGroup;
			children = (
				7AAC172F257259F200A756AE /* AppDelegate.swift */,
				7AAC1731257259F200A756AE /* SceneDelegate.swift */,
				7AAC174A25725A0B00A756AE /* Model */,
				7AAC174925725A0500A756AE /* View */,
				7AAC1747257259FD00A756AE /* Controller */,
				7AAC173B257259F400A756AE /* Assets.xcassets */,
				7AAC173D257259F400A756AE /* LaunchScreen.storyboard */,
				7AAC1740257259F400A756AE /* Info.plist */,
				7AAC1738257259F200A756AE /* TodoApp.xcdatamodeld */,
			);
			path = TodoApp;
			sourceTree = "<group>";
		};
		7AAC1747257259FD00A756AE /* Controller */ = {
			isa = PBXGroup;
			children = (
				7AAC1733257259F200A756AE /* ToDoViewController.swift */,
				7A2DA17225726BEB002425C2 /* CategoryViewController.swift */,
			);
			path = Controller;
			sourceTree = "<group>";
		};
		7AAC174925725A0500A756AE /* View */ = {
			isa = PBXGroup;
			children = (
				7AAC1735257259F200A756AE /* Main.storyboard */,
			);
			path = View;
			sourceTree = "<group>";
		};
		7AAC174A25725A0B00A756AE /* Model */ = {
			isa = PBXGroup;
			children = (
			);
			path = Model;
			sourceTree = "<group>";
		};
/* End PBXGroup section */

/* Begin PBXNativeTarget section */
		7AAC172B257259F200A756AE /* TodoApp */ = {
			isa = PBXNativeTarget;
			buildConfigurationList = 7AAC1743257259F400A756AE /* Build configuration list for PBXNativeTarget "TodoApp" */;
			buildPhases = (
				7AAC1728257259F200A756AE /* Sources */,
				7AAC1729257259F200A756AE /* Frameworks */,
				7AAC172A257259F200A756AE /* Resources */,
			);
			buildRules = (
			);
			dependencies = (
			);
			name = TodoApp;
			productName = TodoApp;
			productReference = 7AAC172C257259F200A756AE /* TodoApp.app */;
			productType = "com.apple.product-type.application";
		};
/* End PBXNativeTarget section */

/* Begin PBXProject section */
		7AAC1724257259F200A756AE /* Project object */ = {
			isa = PBXProject;
			attributes = {
				LastSwiftUpdateCheck = 1220;
				LastUpgradeCheck = 1220;
				TargetAttributes = {
					7AAC172B257259F200A756AE = {
						CreatedOnToolsVersion = 12.2;
					};
				};
			};
			buildConfigurationList = 7AAC1727257259F200A756AE /* Build configuration list for PBXProject "TodoApp" */;
			compatibilityVersion = "Xcode 9.3";
			developmentRegion = en;
			hasScannedForEncodings = 0;
			knownRegions = (
				en,
				Base,
			);
			mainGroup = 7AAC1723257259F200A756AE;
			productRefGroup = 7AAC172D257259F200A756AE /* Products */;
			projectDirPath = "";
			projectRoot = "";
			targets = (
				7AAC172B257259F200A756AE /* TodoApp */,
			);
		};
/* End PBXProject section */

/* Begin PBXResourcesBuildPhase section */
		7AAC172A257259F200A756AE /* Resources */ = {
			isa = PBXResourcesBuildPhase;
			buildActionMask = 2147483647;
			files = (
				7AAC173F257259F400A756AE /* LaunchScreen.storyboard in Resources */,
				7AAC173C257259F400A756AE /* Assets.xcassets in Resources */,
				7AAC1737257259F200A756AE /* Main.storyboard in Resources */,
			);
			runOnlyForDeploymentPostprocessing = 0;
		};
/* End PBXResourcesBuildPhase section */

/* Begin PBXSourcesBuildPhase section */
		7AAC1728257259F200A756AE /* Sources */ = {
			isa = PBXSourcesBuildPhase;
			buildActionMask = 2147483647;
			files = (
				7A2DA17325726BEB002425C2 /* CategoryViewController.swift in Sources */,
				7AAC1734257259F200A756AE /* ToDoViewController.swift in Sources */,
				7AAC1730257259F200A756AE /* AppDelegate.swift in Sources */,
				7AAC1732257259F200A756AE /* SceneDelegate.swift in Sources */,
				7AAC173A257259F200A756AE /* TodoApp.xcdatamodeld in Sources */,
			);
			runOnlyForDeploymentPostprocessing = 0;
		};
/* End PBXSourcesBuildPhase section */

/* Begin PBXVariantGroup section */
		7AAC1735257259F200A756AE /* Main.storyboard */ = {
			isa = PBXVariantGroup;
			children = (
				7AAC1736257259F200A756AE /* Base */,
			);
			name = Main.storyboard;
			sourceTree = "<group>";
		};
		7AAC173D257259F400A756AE /* LaunchScreen.storyboard */ = {
			isa = PBXVariantGroup;
			children = (
				7AAC173E257259F400A756AE /* Base */,
			);
			name = LaunchScreen.storyboard;
			sourceTree = "<group>";
		};
/* End PBXVariantGroup section */

/* Begin XCBuildConfiguration section */
		7AAC1741257259F400A756AE /* Debug */ = {
			isa = XCBuildConfiguration;
			buildSettings = {
				ALWAYS_SEARCH_USER_PATHS = NO;
				CLANG_ANALYZER_NONNULL = YES;
				CLANG_ANALYZER_NUMBER_OBJECT_CONVERSION = YES_AGGRESSIVE;
				CLANG_CXX_LANGUAGE_STANDARD = "gnu++14";
				CLANG_CXX_LIBRARY = "libc++";
				CLANG_ENABLE_MODULES = YES;
				CLANG_ENABLE_OBJC_ARC = YES;
				CLANG_ENABLE_OBJC_WEAK = YES;
				CLANG_WARN_BLOCK_CAPTURE_AUTORELEASING = YES;
				CLANG_WARN_BOOL_CONVERSION = YES;
				CLANG_WARN_COMMA = YES;
				CLANG_WARN_CONSTANT_CONVERSION = YES;
				CLANG_WARN_DEPRECATED_OBJC_IMPLEMENTATIONS = YES;
				CLANG_WARN_DIRECT_OBJC_ISA_USAGE = YES_ERROR;
				CLANG_WARN_DOCUMENTATION_COMMENTS = YES;
				CLANG_WARN_EMPTY_BODY = YES;
				CLANG_WARN_ENUM_CONVERSION = YES;
				CLANG_WARN_INFINITE_RECURSION = YES;
				CLANG_WARN_INT_CONVERSION = YES;
				CLANG_WARN_NON_LITERAL_NULL_CONVERSION = YES;
				CLANG_WARN_OBJC_IMPLICIT_RETAIN_SELF = YES;
				CLANG_WARN_OBJC_LITERAL_CONVERSION = YES;
				CLANG_WARN_OBJC_ROOT_CLASS = YES_ERROR;
				CLANG_WARN_QUOTED_INCLUDE_IN_FRAMEWORK_HEADER = YES;
				CLANG_WARN_RANGE_LOOP_ANALYSIS = YES;
				CLANG_WARN_STRICT_PROTOTYPES = YES;
				CLANG_WARN_SUSPICIOUS_MOVE = YES;
				CLANG_WARN_UNGUARDED_AVAILABILITY = YES_AGGRESSIVE;
				CLANG_WARN_UNREACHABLE_CODE = YES;
				CLANG_WARN__DUPLICATE_METHOD_MATCH = YES;
				COPY_PHASE_STRIP = NO;
				DEBUG_INFORMATION_FORMAT = dwarf;
				ENABLE_STRICT_OBJC_MSGSEND = YES;
				ENABLE_TESTABILITY = YES;
				GCC_C_LANGUAGE_STANDARD = gnu11;
				GCC_DYNAMIC_NO_PIC = NO;
				GCC_NO_COMMON_BLOCKS = YES;
				GCC_OPTIMIZATION_LEVEL = 0;
				GCC_PREPROCESSOR_DEFINITIONS = (
					"DEBUG=1",
					"$(inherited)",
				);
				GCC_WARN_64_TO_32_BIT_CONVERSION = YES;
				GCC_WARN_ABOUT_RETURN_TYPE = YES_ERROR;
				GCC_WARN_UNDECLARED_SELECTOR = YES;
				GCC_WARN_UNINITIALIZED_AUTOS = YES_AGGRESSIVE;
				GCC_WARN_UNUSED_FUNCTION = YES;
				GCC_WARN_UNUSED_VARIABLE = YES;
				IPHONEOS_DEPLOYMENT_TARGET = 14.2;
				MTL_ENABLE_DEBUG_INFO = INCLUDE_SOURCE;
				MTL_FAST_MATH = YES;
				ONLY_ACTIVE_ARCH = YES;
				SDKROOT = iphoneos;
				SWIFT_ACTIVE_COMPILATION_CONDITIONS = DEBUG;
				SWIFT_OPTIMIZATION_LEVEL = "-Onone";
			};
			name = Debug;
		};
		7AAC1742257259F400A756AE /* Release */ = {
			isa = XCBuildConfiguration;
			buildSettings = {
				ALWAYS_SEARCH_USER_PATHS = NO;
				CLANG_ANALYZER_NONNULL = YES;
				CLANG_ANALYZER_NUMBER_OBJECT_CONVERSION = YES_AGGRESSIVE;
				CLANG_CXX_LANGUAGE_STANDARD = "gnu++14";
				CLANG_CXX_LIBRARY = "libc++";
				CLANG_ENABLE_MODULES = YES;
				CLANG_ENABLE_OBJC_ARC = YES;
				CLANG_ENABLE_OBJC_WEAK = YES;
				CLANG_WARN_BLOCK_CAPTURE_AUTORELEASING = YES;
				CLANG_WARN_BOOL_CONVERSION = YES;
				CLANG_WARN_COMMA = YES;
				CLANG_WARN_CONSTANT_CONVERSION = YES;
				CLANG_WARN_DEPRECATED_OBJC_IMPLEMENTATIONS = YES;
				CLANG_WARN_DIRECT_OBJC_ISA_USAGE = YES_ERROR;
				CLANG_WARN_DOCUMENTATION_COMMENTS = YES;
				CLANG_WARN_EMPTY_BODY = YES;
				CLANG_WARN_ENUM_CONVERSION = YES;
				CLANG_WARN_INFINITE_RECURSION = YES;
				CLANG_WARN_INT_CONVERSION = YES;
				CLANG_WARN_NON_LITERAL_NULL_CONVERSION = YES;
				CLANG_WARN_OBJC_IMPLICIT_RETAIN_SELF = YES;
				CLANG_WARN_OBJC_LITERAL_CONVERSION = YES;
				CLANG_WARN_OBJC_ROOT_CLASS = YES_ERROR;
				CLANG_WARN_QUOTED_INCLUDE_IN_FRAMEWORK_HEADER = YES;
				CLANG_WARN_RANGE_LOOP_ANALYSIS = YES;
				CLANG_WARN_STRICT_PROTOTYPES = YES;
				CLANG_WARN_SUSPICIOUS_MOVE = YES;
				CLANG_WARN_UNGUARDED_AVAILABILITY = YES_AGGRESSIVE;
				CLANG_WARN_UNREACHABLE_CODE = YES;
				CLANG_WARN__DUPLICATE_METHOD_MATCH = YES;
				COPY_PHASE_STRIP = NO;
				DEBUG_INFORMATION_FORMAT = "dwarf-with-dsym";
				ENABLE_NS_ASSERTIONS = NO;
				ENABLE_STRICT_OBJC_MSGSEND = YES;
				GCC_C_LANGUAGE_STANDARD = gnu11;
				GCC_NO_COMMON_BLOCKS = YES;
				GCC_WARN_64_TO_32_BIT_CONVERSION = YES;
				GCC_WARN_ABOUT_RETURN_TYPE = YES_ERROR;
				GCC_WARN_UNDECLARED_SELECTOR = YES;
				GCC_WARN_UNINITIALIZED_AUTOS = YES_AGGRESSIVE;
				GCC_WARN_UNUSED_FUNCTION = YES;
				GCC_WARN_UNUSED_VARIABLE = YES;
				IPHONEOS_DEPLOYMENT_TARGET = 14.2;
				MTL_ENABLE_DEBUG_INFO = NO;
				MTL_FAST_MATH = YES;
				SDKROOT = iphoneos;
				SWIFT_COMPILATION_MODE = wholemodule;
				SWIFT_OPTIMIZATION_LEVEL = "-O";
				VALIDATE_PRODUCT = YES;
			};
			name = Release;
		};
		7AAC1744257259F400A756AE /* Debug */ = {
			isa = XCBuildConfiguration;
			buildSettings = {
				ASSETCATALOG_COMPILER_APPICON_NAME = AppIcon;
				ASSETCATALOG_COMPILER_GLOBAL_ACCENT_COLOR_NAME = AccentColor;
				CODE_SIGN_STYLE = Automatic;
				INFOPLIST_FILE = TodoApp/Info.plist;
				LD_RUNPATH_SEARCH_PATHS = (
					"$(inherited)",
					"@executable_path/Frameworks",
				);
				PRODUCT_BUNDLE_IDENTIFIER = com.lukaszr.TodoApp;
				PRODUCT_NAME = "$(TARGET_NAME)";
				SWIFT_VERSION = 5.0;
				TARGETED_DEVICE_FAMILY = "1,2";
			};
			name = Debug;
		};
		7AAC1745257259F400A756AE /* Release */ = {
			isa = XCBuildConfiguration;
			buildSettings = {
				ASSETCATALOG_COMPILER_APPICON_NAME = AppIcon;
				ASSETCATALOG_COMPILER_GLOBAL_ACCENT_COLOR_NAME = AccentColor;
				CODE_SIGN_STYLE = Automatic;
				INFOPLIST_FILE = TodoApp/Info.plist;
				LD_RUNPATH_SEARCH_PATHS = (
					"$(inherited)",
					"@executable_path/Frameworks",
				);
				PRODUCT_BUNDLE_IDENTIFIER = com.lukaszr.TodoApp;
				PRODUCT_NAME = "$(TARGET_NAME)";
				SWIFT_VERSION = 5.0;
				TARGETED_DEVICE_FAMILY = "1,2";
			};
			name = Release;
		};
/* End XCBuildConfiguration section */

/* Begin XCConfigurationList section */
		7AAC1727257259F200A756AE /* Build configuration list for PBXProject "TodoApp" */ = {
			isa = XCConfigurationList;
			buildConfigurations = (
				7AAC1741257259F400A756AE /* Debug */,
				7AAC1742257259F400A756AE /* Release */,
			);
			defaultConfigurationIsVisible = 0;
			defaultConfigurationName = Release;
		};
		7AAC1743257259F400A756AE /* Build configuration list for PBXNativeTarget "TodoApp" */ = {
			isa = XCConfigurationList;
			buildConfigurations = (
				7AAC1744257259F400A756AE /* Debug */,
				7AAC1745257259F400A756AE /* Release */,
			);
			defaultConfigurationIsVisible = 0;
			defaultConfigurationName = Release;
		};
/* End XCConfigurationList section */

/* Begin XCVersionGroup section */
		7AAC1738257259F200A756AE /* TodoApp.xcdatamodeld */ = {
			isa = XCVersionGroup;
			children = (
				7AAC1739257259F200A756AE /* TodoApp.xcdatamodel */,
			);
			currentVersion = 7AAC1739257259F200A756AE /* TodoApp.xcdatamodel */;
			path = TodoApp.xcdatamodeld;
			sourceTree = "<group>";
			versionGroupType = wrapper.xcdatamodel;
		};
/* End XCVersionGroup section */
	};
	rootObject = 7AAC1724257259F200A756AE /* Project object */;
}
